# This file is automatically @generated by Cargo.
# It is not intended for manual editing.
version = 4

[[package]]
name = "ieee754"
version = "0.2.6"
source = "registry+https://github.com/rust-lang/crates.io-index"
checksum = "9007da9cacbd3e6343da136e98b0d2df013f553d35bdec8b518f07bea768e19c"

[[package]]
name = "modbus_server"
version = "0.1.0"
dependencies = [
 "rmodbus",
]

[[package]]
name = "rmodbus"
version = "0.10.0"
source = "registry+https://github.com/rust-lang/crates.io-index"
checksum = "5ea2267bd0caf786f0d6111f64559bab47d4086b63e40f46d23e0c1550df5f57"
dependencies = [
 "ieee754",
]
